
Microsoft Visual Studio Solution File, Format Version 12.00
# Visual Studio Version 17
VisualStudioVersion = 17.0.31903.59
MinimumVisualStudioVersion = 10.0.40219.1
Project("{FAE04EC0-301F-11D3-BF4B-00C04F79EFBC}") = "Vertiv", "Vertiv\Vertiv.csproj", "{C77ACAEC-03E7-4604-BEC1-64A8F6A1692E}"
EndProject
Global
	GlobalSection(SolutionConfigurationPlatforms) = preSolution
		Debug|Any CPU = Debug|Any CPU
		Release|Any CPU = Release|Any CPU
	EndGlobalSection
	GlobalSection(ProjectConfigurationPlatforms) = postSolution
		{C77ACAEC-03E7-4604-BEC1-64A8F6A1692E}.Debug|Any CPU.ActiveCfg = Debug|Any CPU
		{C77ACAEC-03E7-4604-BEC1-64A8F6A1692E}.Debug|Any CPU.Build.0 = Debug|Any CPU
		{C77ACAEC-03E7-4604-BEC1-64A8F6A1692E}.Release|Any CPU.ActiveCfg = Release|Any CPU
		{C77ACAEC-03E7-4604-BEC1-64A8F6A1692E}.Release|Any CPU.Build.0 = Release|Any CPU
	EndGlobalSection
	GlobalSection(SolutionProperties) = preSolution
		HideSolutionNode = FALSE
	EndGlobalSection
	GlobalSection(ExtensibilityGlobals) = postSolution
		SolutionGuid = {83951A1F-11B0-4EFF-9D0A-119D606BB5F2}
	EndGlobalSection
EndGlobal
